
Microsoft Visual Studio Solution File, Format Version 12.00
# Visual Studio Version 16
VisualStudioVersion = 16.0.31005.135
MinimumVisualStudioVersion = 10.0.40219.1
Project("{FAE04EC0-301F-11D3-BF4B-00C04F79EFBC}") = "TimeInWords", "TimeInWords.csproj", "{EA2A76C9-7559-464D-AFED-242671FF394D}"
EndProject
Global
	GlobalSection(SolutionConfigurationPlatforms) = preSolution
		Debug|Any CPU = Debug|Any CPU
		Release|Any CPU = Release|Any CPU
	EndGlobalSection
	GlobalSection(ProjectConfigurationPlatforms) = postSolution
		{EA2A76C9-7559-464D-AFED-242671FF394D}.Debug|Any CPU.ActiveCfg = Debug|Any CPU
		{EA2A76C9-7559-464D-AFED-242671FF394D}.Debug|Any CPU.Build.0 = Debug|Any CPU
		{EA2A76C9-7559-464D-AFED-242671FF394D}.Release|Any CPU.ActiveCfg = Release|Any CPU
		{EA2A76C9-7559-464D-AFED-242671FF394D}.Release|Any CPU.Build.0 = Release|Any CPU
	EndGlobalSection
	GlobalSection(SolutionProperties) = preSolution
		HideSolutionNode = FALSE
	EndGlobalSection
	GlobalSection(ExtensibilityGlobals) = postSolution
		SolutionGuid = {520B1115-D421-4A65-8AF8-D14264489D5E}
	EndGlobalSection
EndGlobal
